
Microsoft Visual Studio Solution File, Format Version 12.00
# Visual Studio Version 16
VisualStudioVersion = 16.0.32126.315
MinimumVisualStudioVersion = 10.0.40219.1
Project("{FAE04EC0-301F-11D3-BF4B-00C04F79EFBC}") = "FunctionsReturnAndArraysFromFile", "FunctionsReturnAndArraysFromFile\FunctionsReturnAndArraysFromFile.csproj", "{2F6E88C6-935D-4E57-A938-9F53C665A57F}"
EndProject
Project("{FAE04EC0-301F-11D3-BF4B-00C04F79EFBC}") = "FridayNightRandom", "FridayNightRandom\FridayNightRandom.csproj", "{F9F68246-5B08-4A16-AFAE-56F8955A0CDD}"
EndProject
Project("{FAE04EC0-301F-11D3-BF4B-00C04F79EFBC}") = "FridayNightRandomReturn", "FridayNightRandomReturn\FridayNightRandomReturn.csproj", "{C11720B2-DBCA-471E-B6DA-796385E95286}"
EndProject
Project("{FAE04EC0-301F-11D3-BF4B-00C04F79EFBC}") = "PickRandomFromFile", "PickRandomFromFile\PickRandomFromFile.csproj", "{C263FC7A-D470-4260-81D7-0D8F536BE23F}"
EndProject
Project("{FAE04EC0-301F-11D3-BF4B-00C04F79EFBC}") = "ChuckNorris", "ChuckNorris\ChuckNorris.csproj", "{3C2EFEBA-FB0E-4066-AED4-C04DA340BCBE}"
EndProject
Global
	GlobalSection(SolutionConfigurationPlatforms) = preSolution
		Debug|Any CPU = Debug|Any CPU
		Release|Any CPU = Release|Any CPU
	EndGlobalSection
	GlobalSection(ProjectConfigurationPlatforms) = postSolution
		{2F6E88C6-935D-4E57-A938-9F53C665A57F}.Debug|Any CPU.ActiveCfg = Debug|Any CPU
		{2F6E88C6-935D-4E57-A938-9F53C665A57F}.Debug|Any CPU.Build.0 = Debug|Any CPU
		{2F6E88C6-935D-4E57-A938-9F53C665A57F}.Release|Any CPU.ActiveCfg = Release|Any CPU
		{2F6E88C6-935D-4E57-A938-9F53C665A57F}.Release|Any CPU.Build.0 = Release|Any CPU
		{F9F68246-5B08-4A16-AFAE-56F8955A0CDD}.Debug|Any CPU.ActiveCfg = Debug|Any CPU
		{F9F68246-5B08-4A16-AFAE-56F8955A0CDD}.Debug|Any CPU.Build.0 = Debug|Any CPU
		{F9F68246-5B08-4A16-AFAE-56F8955A0CDD}.Release|Any CPU.ActiveCfg = Release|Any CPU
		{F9F68246-5B08-4A16-AFAE-56F8955A0CDD}.Release|Any CPU.Build.0 = Release|Any CPU
		{C11720B2-DBCA-471E-B6DA-796385E95286}.Debug|Any CPU.ActiveCfg = Debug|Any CPU
		{C11720B2-DBCA-471E-B6DA-796385E95286}.Debug|Any CPU.Build.0 = Debug|Any CPU
		{C11720B2-DBCA-471E-B6DA-796385E95286}.Release|Any CPU.ActiveCfg = Release|Any CPU
		{C11720B2-DBCA-471E-B6DA-796385E95286}.Release|Any CPU.Build.0 = Release|Any CPU
		{C263FC7A-D470-4260-81D7-0D8F536BE23F}.Debug|Any CPU.ActiveCfg = Debug|Any CPU
		{C263FC7A-D470-4260-81D7-0D8F536BE23F}.Debug|Any CPU.Build.0 = Debug|Any CPU
		{C263FC7A-D470-4260-81D7-0D8F536BE23F}.Release|Any CPU.ActiveCfg = Release|Any CPU
		{C263FC7A-D470-4260-81D7-0D8F536BE23F}.Release|Any CPU.Build.0 = Release|Any CPU
		{3C2EFEBA-FB0E-4066-AED4-C04DA340BCBE}.Debug|Any CPU.ActiveCfg = Debug|Any CPU
		{3C2EFEBA-FB0E-4066-AED4-C04DA340BCBE}.Debug|Any CPU.Build.0 = Debug|Any CPU
		{3C2EFEBA-FB0E-4066-AED4-C04DA340BCBE}.Release|Any CPU.ActiveCfg = Release|Any CPU
		{3C2EFEBA-FB0E-4066-AED4-C04DA340BCBE}.Release|Any CPU.Build.0 = Release|Any CPU
	EndGlobalSection
	GlobalSection(SolutionProperties) = preSolution
		HideSolutionNode = FALSE
	EndGlobalSection
	GlobalSection(ExtensibilityGlobals) = postSolution
		SolutionGuid = {E138FFC2-C667-43C2-9B1A-DF3569230FD9}
	EndGlobalSection
EndGlobal
